// !$*UTF8*$!
{
	archiveVersion = 1;
	classes = {
	};
	objectVersion = 46;
	objects = {

/* Begin PBXBuildFile section */
		338802271B79A0D600C9D3DA /* car@2x.png in Resources */ = {isa = PBXBuildFile; fileRef = 338802261B79A0D600C9D3DA /* car@2x.png */; };
		338802281B79A0D600C9D3DA /* car@2x.png in Resources */ = {isa = PBXBuildFile; fileRef = 338802261B79A0D600C9D3DA /* car@2x.png */; };
		3393219C1B783CA6004273C0 /* main.m in Sources */ = {isa = PBXBuildFile; fileRef = 3393219B1B783CA6004273C0 /* main.m */; };
		3393219F1B783CA6004273C0 /* AppDelegate.m in Sources */ = {isa = PBXBuildFile; fileRef = 3393219E1B783CA6004273C0 /* AppDelegate.m */; };
		339321A21B783CA6004273C0 /* ViewController.m in Sources */ = {isa = PBXBuildFile; fileRef = 339321A11B783CA6004273C0 /* ViewController.m */; };
		339321A51B783CA6004273C0 /* Main.storyboard in Resources */ = {isa = PBXBuildFile; fileRef = 339321A31B783CA6004273C0 /* Main.storyboard */; };
		339321A71B783CA6004273C0 /* Images.xcassets in Resources */ = {isa = PBXBuildFile; fileRef = 339321A61B783CA6004273C0 /* Images.xcassets */; };
		339321AA1B783CA6004273C0 /* LaunchScreen.xib in Resources */ = {isa = PBXBuildFile; fileRef = 339321A81B783CA6004273C0 /* LaunchScreen.xib */; };
		339321B61B783CA6004273C0 /* BSYHeaderImageViewTests.m in Sources */ = {isa = PBXBuildFile; fileRef = 339321B51B783CA6004273C0 /* BSYHeaderImageViewTests.m */; };
		339321C11B783CD0004273C0 /* BSYHeaderImageView.m in Sources */ = {isa = PBXBuildFile; fileRef = 339321C01B783CD0004273C0 /* BSYHeaderImageView.m */; };
/* End PBXBuildFile section */

/* Begin PBXContainerItemProxy section */
		339321B01B783CA6004273C0 /* PBXContainerItemProxy */ = {
			isa = PBXContainerItemProxy;
			containerPortal = 3393218E1B783CA6004273C0 /* Project object */;
			proxyType = 1;
			remoteGlobalIDString = 339321951B783CA6004273C0;
			remoteInfo = BSYHeaderImageView;
		};
/* End PBXContainerItemProxy section */

/* Begin PBXFileReference section */
		338802261B79A0D600C9D3DA /* car@2x.png */ = {isa = PBXFileReference; lastKnownFileType = image.png; path = "car@2x.png"; sourceTree = "<group>"; };
		339321961B783CA6004273C0 /* BSYHeaderImageView.app */ = {isa = PBXFileReference; explicitFileType = wrapper.application; includeInIndex = 0; path = BSYHeaderImageView.app; sourceTree = BUILT_PRODUCTS_DIR; };
		3393219A1B783CA6004273C0 /* Info.plist */ = {isa = PBXFileReference; lastKnownFileType = text.plist.xml; path = Info.plist; sourceTree = "<group>"; };
		3393219B1B783CA6004273C0 /* main.m */ = {isa = PBXFileReference; lastKnownFileType = sourcecode.c.objc; path = main.m; sourceTree = "<group>"; };
		3393219D1B783CA6004273C0 /* AppDelegate.h */ = {isa = PBXFileReference; lastKnownFileType = sourcecode.c.h; path = AppDelegate.h; sourceTree = "<group>"; };
		3393219E1B783CA6004273C0 /* AppDelegate.m */ = {isa = PBXFileReference; lastKnownFileType = sourcecode.c.objc; path = AppDelegate.m; sourceTree = "<group>"; };
		339321A01B783CA6004273C0 /* ViewController.h */ = {isa = PBXFileReference; lastKnownFileType = sourcecode.c.h; path = ViewController.h; sourceTree = "<group>"; };
		339321A11B783CA6004273C0 /* ViewController.m */ = {isa = PBXFileReference; lastKnownFileType = sourcecode.c.objc; path = ViewController.m; sourceTree = "<group>"; };
		339321A41B783CA6004273C0 /* Base */ = {isa = PBXFileReference; lastKnownFileType = file.storyboard; name = Base; path = Base.lproj/Main.storyboard; sourceTree = "<group>"; };
		339321A61B783CA6004273C0 /* Images.xcassets */ = {isa = PBXFileReference; lastKnownFileType = folder.assetcatalog; path = Images.xcassets; sourceTree = "<group>"; };
		339321A91B783CA6004273C0 /* Base */ = {isa = PBXFileReference; lastKnownFileType = file.xib; name = Base; path = Base.lproj/LaunchScreen.xib; sourceTree = "<group>"; };
		339321AF1B783CA6004273C0 /* BSYHeaderImageViewTests.xctest */ = {isa = PBXFileReference; explicitFileType = wrapper.cfbundle; includeInIndex = 0; path = BSYHeaderImageViewTests.xctest; sourceTree = BUILT_PRODUCTS_DIR; };
		339321B41B783CA6004273C0 /* Info.plist */ = {isa = PBXFileReference; lastKnownFileType = text.plist.xml; path = Info.plist; sourceTree = "<group>"; };
		339321B51B783CA6004273C0 /* BSYHeaderImageViewTests.m */ = {isa = PBXFileReference; lastKnownFileType = sourcecode.c.objc; path = BSYHeaderImageViewTests.m; sourceTree = "<group>"; };
		339321BF1B783CD0004273C0 /* BSYHeaderImageView.h */ = {isa = PBXFileReference; fileEncoding = 4; lastKnownFileType = sourcecode.c.h; path = BSYHeaderImageView.h; sourceTree = "<group>"; };
		339321C01B783CD0004273C0 /* BSYHeaderImageView.m */ = {isa = PBXFileReference; fileEncoding = 4; lastKnownFileType = sourcecode.c.objc; path = BSYHeaderImageView.m; sourceTree = "<group>"; };
/* End PBXFileReference section */

/* Begin PBXFrameworksBuildPhase section */
		339321931B783CA6004273C0 /* Frameworks */ = {
			isa = PBXFrameworksBuildPhase;
			buildActionMask = 2147483647;
			files = (
			);
			runOnlyForDeploymentPostprocessing = 0;
		};
		339321AC1B783CA6004273C0 /* Frameworks */ = {
			isa = PBXFrameworksBuildPhase;
			buildActionMask = 2147483647;
			files = (
			);
			runOnlyForDeploymentPostprocessing = 0;
		};
/* End PBXFrameworksBuildPhase section */

/* Begin PBXGroup section */
		3393218D1B783CA6004273C0 = {
			isa = PBXGroup;
			children = (
				338802261B79A0D600C9D3DA /* car@2x.png */,
				339321BF1B783CD0004273C0 /* BSYHeaderImageView.h */,
				339321C01B783CD0004273C0 /* BSYHeaderImageView.m */,
				339321981B783CA6004273C0 /* BSYHeaderImageView */,
				339321B21B783CA6004273C0 /* BSYHeaderImageViewTests */,
				339321971B783CA6004273C0 /* Products */,
			);
			sourceTree = "<group>";
		};
		339321971B783CA6004273C0 /* Products */ = {
			isa = PBXGroup;
			children = (
				339321961B783CA6004273C0 /* BSYHeaderImageView.app */,
				339321AF1B783CA6004273C0 /* BSYHeaderImageViewTests.xctest */,
			);
			name = Products;
			sourceTree = "<group>";
		};
		339321981B783CA6004273C0 /* BSYHeaderImageView */ = {
			isa = PBXGroup;
			children = (
				3393219D1B783CA6004273C0 /* AppDelegate.h */,
				3393219E1B783CA6004273C0 /* AppDelegate.m */,
				339321A01B783CA6004273C0 /* ViewController.h */,
				339321A11B783CA6004273C0 /* ViewController.m */,
				339321A31B783CA6004273C0 /* Main.storyboard */,
				339321A61B783CA6004273C0 /* Images.xcassets */,
				339321A81B783CA6004273C0 /* LaunchScreen.xib */,
				339321991B783CA6004273C0 /* Supporting Files */,
			);
			path = BSYHeaderImageView;
			sourceTree = "<group>";
		};
		339321991B783CA6004273C0 /* Supporting Files */ = {
			isa = PBXGroup;
			children = (
				3393219A1B783CA6004273C0 /* Info.plist */,
				3393219B1B783CA6004273C0 /* main.m */,
			);
			name = "Supporting Files";
			sourceTree = "<group>";
		};
		339321B21B783CA6004273C0 /* BSYHeaderImageViewTests */ = {
			isa = PBXGroup;
			children = (
				339321B51B783CA6004273C0 /* BSYHeaderImageViewTests.m */,
				339321B31B783CA6004273C0 /* Supporting Files */,
			);
			path = BSYHeaderImageViewTests;
			sourceTree = "<group>";
		};
		339321B31B783CA6004273C0 /* Supporting Files */ = {
			isa = PBXGroup;
			children = (
				339321B41B783CA6004273C0 /* Info.plist */,
			);
			name = "Supporting Files";
			sourceTree = "<group>";
		};
/* End PBXGroup section */

/* Begin PBXNativeTarget section */
		339321951B783CA6004273C0 /* BSYHeaderImageView */ = {
			isa = PBXNativeTarget;
			buildConfigurationList = 339321B91B783CA7004273C0 /* Build configuration list for PBXNativeTarget "BSYHeaderImageView" */;
			buildPhases = (
				339321921B783CA6004273C0 /* Sources */,
				339321931B783CA6004273C0 /* Frameworks */,
				339321941B783CA6004273C0 /* Resources */,
			);
			buildRules = (
			);
			dependencies = (
			);
			name = BSYHeaderImageView;
			productName = BSYHeaderImageView;
			productReference = 339321961B783CA6004273C0 /* BSYHeaderImageView.app */;
			productType = "com.apple.product-type.application";
		};
		339321AE1B783CA6004273C0 /* BSYHeaderImageViewTests */ = {
			isa = PBXNativeTarget;
			buildConfigurationList = 339321BC1B783CA7004273C0 /* Build configuration list for PBXNativeTarget "BSYHeaderImageViewTests" */;
			buildPhases = (
				339321AB1B783CA6004273C0 /* Sources */,
				339321AC1B783CA6004273C0 /* Frameworks */,
				339321AD1B783CA6004273C0 /* Resources */,
			);
			buildRules = (
			);
			dependencies = (
				339321B11B783CA6004273C0 /* PBXTargetDependency */,
			);
			name = BSYHeaderImageViewTests;
			productName = BSYHeaderImageViewTests;
			productReference = 339321AF1B783CA6004273C0 /* BSYHeaderImageViewTests.xctest */;
			productType = "com.apple.product-type.bundle.unit-test";
		};
/* End PBXNativeTarget section */

/* Begin PBXProject section */
		3393218E1B783CA6004273C0 /* Project object */ = {
			isa = PBXProject;
			attributes = {
				LastUpgradeCheck = 0640;
				ORGANIZATIONNAME = BSY;
				TargetAttributes = {
					339321951B783CA6004273C0 = {
						CreatedOnToolsVersion = 6.4;
					};
					339321AE1B783CA6004273C0 = {
						CreatedOnToolsVersion = 6.4;
						TestTargetID = 339321951B783CA6004273C0;
					};
				};
			};
			buildConfigurationList = 339321911B783CA6004273C0 /* Build configuration list for PBXProject "BSYHeaderImageView" */;
			compatibilityVersion = "Xcode 3.2";
			developmentRegion = English;
			hasScannedForEncodings = 0;
			knownRegions = (
				en,
				Base,
			);
			mainGroup = 3393218D1B783CA6004273C0;
			productRefGroup = 339321971B783CA6004273C0 /* Products */;
			projectDirPath = "";
			projectRoot = "";
			targets = (
				339321951B783CA6004273C0 /* BSYHeaderImageView */,
				339321AE1B783CA6004273C0 /* BSYHeaderImageViewTests */,
			);
		};
/* End PBXProject section */

/* Begin PBXResourcesBuildPhase section */
		339321941B783CA6004273C0 /* Resources */ = {
			isa = PBXResourcesBuildPhase;
			buildActionMask = 2147483647;
			files = (
				339321A51B783CA6004273C0 /* Main.storyboard in Resources */,
				338802271B79A0D600C9D3DA /* car@2x.png in Resources */,
				339321AA1B783CA6004273C0 /* LaunchScreen.xib in Resources */,
				339321A71B783CA6004273C0 /* Images.xcassets in Resources */,
			);
			runOnlyForDeploymentPostprocessing = 0;
		};
		339321AD1B783CA6004273C0 /* Resources */ = {
			isa = PBXResourcesBuildPhase;
			buildActionMask = 2147483647;
			files = (
				338802281B79A0D600C9D3DA /* car@2x.png in Resources */,
			);
			runOnlyForDeploymentPostprocessing = 0;
		};
/* End PBXResourcesBuildPhase section */

/* Begin PBXSourcesBuildPhase section */
		339321921B783CA6004273C0 /* Sources */ = {
			isa = PBXSourcesBuildPhase;
			buildActionMask = 2147483647;
			files = (
				339321C11B783CD0004273C0 /* BSYHeaderImageView.m in Sources */,
				339321A21B783CA6004273C0 /* ViewController.m in Sources */,
				3393219F1B783CA6004273C0 /* AppDelegate.m in Sources */,
				3393219C1B783CA6004273C0 /* main.m in Sources */,
			);
			runOnlyForDeploymentPostprocessing = 0;
		};
		339321AB1B783CA6004273C0 /* Sources */ = {
			isa = PBXSourcesBuildPhase;
			buildActionMask = 2147483647;
			files = (
				339321B61B783CA6004273C0 /* BSYHeaderImageViewTests.m in Sources */,
			);
			runOnlyForDeploymentPostprocessing = 0;
		};
/* End PBXSourcesBuildPhase section */

/* Begin PBXTargetDependency section */
		339321B11B783CA6004273C0 /* PBXTargetDependency */ = {
			isa = PBXTargetDependency;
			target = 339321951B783CA6004273C0 /* BSYHeaderImageView */;
			targetProxy = 339321B01B783CA6004273C0 /* PBXContainerItemProxy */;
		};
/* End PBXTargetDependency section */

/* Begin PBXVariantGroup section */
		339321A31B783CA6004273C0 /* Main.storyboard */ = {
			isa = PBXVariantGroup;
			children = (
				339321A41B783CA6004273C0 /* Base */,
			);
			name = Main.storyboard;
			sourceTree = "<group>";
		};
		339321A81B783CA6004273C0 /* LaunchScreen.xib */ = {
			isa = PBXVariantGroup;
			children = (
				339321A91B783CA6004273C0 /* Base */,
			);
			name = LaunchScreen.xib;
			sourceTree = "<group>";
		};
/* End PBXVariantGroup section */

/* Begin XCBuildConfiguration section */
		339321B71B783CA6004273C0 /* Debug */ = {
			isa = XCBuildConfiguration;
			buildSettings = {
				ALWAYS_SEARCH_USER_PATHS = NO;
				CLANG_CXX_LANGUAGE_STANDARD = "gnu++0x";
				CLANG_CXX_LIBRARY = "libc++";
				CLANG_ENABLE_MODULES = YES;
				CLANG_ENABLE_OBJC_ARC = YES;
				CLANG_WARN_BOOL_CONVERSION = YES;
				CLANG_WARN_CONSTANT_CONVERSION = YES;
				CLANG_WARN_DIRECT_OBJC_ISA_USAGE = YES_ERROR;
				CLANG_WARN_EMPTY_BODY = YES;
				CLANG_WARN_ENUM_CONVERSION = YES;
				CLANG_WARN_INT_CONVERSION = YES;
				CLANG_WARN_OBJC_ROOT_CLASS = YES_ERROR;
				CLANG_WARN_UNREACHABLE_CODE = YES;
				CLANG_WARN__DUPLICATE_METHOD_MATCH = YES;
				"CODE_SIGN_IDENTITY[sdk=iphoneos*]" = "iPhone Developer";
				COPY_PHASE_STRIP = NO;
				DEBUG_INFORMATION_FORMAT = "dwarf-with-dsym";
				ENABLE_STRICT_OBJC_MSGSEND = YES;
				GCC_C_LANGUAGE_STANDARD = gnu99;
				GCC_DYNAMIC_NO_PIC = NO;
				GCC_NO_COMMON_BLOCKS = YES;
				GCC_OPTIMIZATION_LEVEL = 0;
				GCC_PREPROCESSOR_DEFINITIONS = (
					"DEBUG=1",
					"$(inherited)",
				);
				GCC_SYMBOLS_PRIVATE_EXTERN = NO;
				GCC_WARN_64_TO_32_BIT_CONVERSION = YES;
				GCC_WARN_ABOUT_RETURN_TYPE = YES_ERROR;
				GCC_WARN_UNDECLARED_SELECTOR = YES;
				GCC_WARN_UNINITIALIZED_AUTOS = YES_AGGRESSIVE;
				GCC_WARN_UNUSED_FUNCTION = YES;
				GCC_WARN_UNUSED_VARIABLE = YES;
				IPHONEOS_DEPLOYMENT_TARGET = 8.4;
				MTL_ENABLE_DEBUG_INFO = YES;
				ONLY_ACTIVE_ARCH = YES;
				SDKROOT = iphoneos;
			};
			name = Debug;
		};
		339321B81B783CA6004273C0 /* Release */ = {
			isa = XCBuildConfiguration;
			buildSettings = {
				ALWAYS_SEARCH_USER_PATHS = NO;
				CLANG_CXX_LANGUAGE_STANDARD = "gnu++0x";
				CLANG_CXX_LIBRARY = "libc++";
				CLANG_ENABLE_MODULES = YES;
				CLANG_ENABLE_OBJC_ARC = YES;
				CLANG_WARN_BOOL_CONVERSION = YES;
				CLANG_WARN_CONSTANT_CONVERSION = YES;
				CLANG_WARN_DIRECT_OBJC_ISA_USAGE = YES_ERROR;
				CLANG_WARN_EMPTY_BODY = YES;
				CLANG_WARN_ENUM_CONVERSION = YES;
				CLANG_WARN_INT_CONVERSION = YES;
				CLANG_WARN_OBJC_ROOT_CLASS = YES_ERROR;
				CLANG_WARN_UNREACHABLE_CODE = YES;
				CLANG_WARN__DUPLICATE_METHOD_MATCH = YES;
				"CODE_SIGN_IDENTITY[sdk=iphoneos*]" = "iPhone Developer";
				COPY_PHASE_STRIP = NO;
				DEBUG_INFORMATION_FORMAT = "dwarf-with-dsym";
				ENABLE_NS_ASSERTIONS = NO;
				ENABLE_STRICT_OBJC_MSGSEND = YES;
				GCC_C_LANGUAGE_STANDARD = gnu99;
				GCC_NO_COMMON_BLOCKS = YES;
				GCC_WARN_64_TO_32_BIT_CONVERSION = YES;
				GCC_WARN_ABOUT_RETURN_TYPE = YES_ERROR;
				GCC_WARN_UNDECLARED_SELECTOR = YES;
				GCC_WARN_UNINITIALIZED_AUTOS = YES_AGGRESSIVE;
				GCC_WARN_UNUSED_FUNCTION = YES;
				GCC_WARN_UNUSED_VARIABLE = YES;
				IPHONEOS_DEPLOYMENT_TARGET = 8.4;
				MTL_ENABLE_DEBUG_INFO = NO;
				SDKROOT = iphoneos;
				VALIDATE_PRODUCT = YES;
			};
			name = Release;
		};
		339321BA1B783CA7004273C0 /* Debug */ = {
			isa = XCBuildConfiguration;
			buildSettings = {
				ASSETCATALOG_COMPILER_APPICON_NAME = AppIcon;
				INFOPLIST_FILE = BSYHeaderImageView/Info.plist;
				LD_RUNPATH_SEARCH_PATHS = "$(inherited) @executable_path/Frameworks";
				PRODUCT_NAME = "$(TARGET_NAME)";
			};
			name = Debug;
		};
		339321BB1B783CA7004273C0 /* Release */ = {
			isa = XCBuildConfiguration;
			buildSettings = {
				ASSETCATALOG_COMPILER_APPICON_NAME = AppIcon;
				INFOPLIST_FILE = BSYHeaderImageView/Info.plist;
				LD_RUNPATH_SEARCH_PATHS = "$(inherited) @executable_path/Frameworks";
				PRODUCT_NAME = "$(TARGET_NAME)";
			};
			name = Release;
		};
		339321BD1B783CA7004273C0 /* Debug */ = {
			isa = XCBuildConfiguration;
			buildSettings = {
				BUNDLE_LOADER = "$(TEST_HOST)";
				FRAMEWORK_SEARCH_PATHS = (
					"$(SDKROOT)/Developer/Library/Frameworks",
					"$(inherited)",
				);
				GCC_PREPROCESSOR_DEFINITIONS = (
					"DEBUG=1",
					"$(inherited)",
				);
				INFOPLIST_FILE = BSYHeaderImageViewTests/Info.plist;
				LD_RUNPATH_SEARCH_PATHS = "$(inherited) @executable_path/Frameworks @loader_path/Frameworks";
				PRODUCT_NAME = "$(TARGET_NAME)";
				TEST_HOST = "$(BUILT_PRODUCTS_DIR)/BSYHeaderImageView.app/BSYHeaderImageView";
			};
			name = Debug;
		};
		339321BE1B783CA7004273C0 /* Release */ = {
			isa = XCBuildConfiguration;
			buildSettings = {
				BUNDLE_LOADER = "$(TEST_HOST)";
				FRAMEWORK_SEARCH_PATHS = (
					"$(SDKROOT)/Developer/Library/Frameworks",
					"$(inherited)",
				);
				INFOPLIST_FILE = BSYHeaderImageViewTests/Info.plist;
				LD_RUNPATH_SEARCH_PATHS = "$(inherited) @executable_path/Frameworks @loader_path/Frameworks";
				PRODUCT_NAME = "$(TARGET_NAME)";
				TEST_HOST = "$(BUILT_PRODUCTS_DIR)/BSYHeaderImageView.app/BSYHeaderImageView";
			};
			name = Release;
		};
/* End XCBuildConfiguration section */

/* Begin XCConfigurationList section */
		339321911B783CA6004273C0 /* Build configuration list for PBXProject "BSYHeaderImageView" */ = {
			isa = XCConfigurationList;
			buildConfigurations = (
				339321B71B783CA6004273C0 /* Debug */,
				339321B81B783CA6004273C0 /* Release */,
			);
			defaultConfigurationIsVisible = 0;
			defaultConfigurationName = Release;
		};
		339321B91B783CA7004273C0 /* Build configuration list for PBXNativeTarget "BSYHeaderImageView" */ = {
			isa = XCConfigurationList;
			buildConfigurations = (
				339321BA1B783CA7004273C0 /* Debug */,
				339321BB1B783CA7004273C0 /* Release */,
			);
			defaultConfigurationIsVisible = 0;
			defaultConfigurationName = Release;
		};
		339321BC1B783CA7004273C0 /* Build configuration list for PBXNativeTarget "BSYHeaderImageViewTests" */ = {
			isa = XCConfigurationList;
			buildConfigurations = (
				339321BD1B783CA7004273C0 /* Debug */,
				339321BE1B783CA7004273C0 /* Release */,
			);
			defaultConfigurationIsVisible = 0;
			defaultConfigurationName = Release;
		};
/* End XCConfigurationList section */
	};
	rootObject = 3393218E1B783CA6004273C0 /* Project object */;
}
